{
  "version": 1,
  "anchors": {
    "crucible.md|C1#0|CRUCIBLE": "9197ea4a25f6ad6a7741eb207fabe62b9ad2942c4221cb030008fbbbbbb4be19",
    "crucible.md|C2#0|CRUCIBLE": "9197ea4a25f6ad6a7741eb207fabe62b9ad2942c4221cb030008fbbbbbb4be19",
    "crucible.md|C3#0|CRUCIBLE": "bbc8ad29c6939c6b97e4d0464ecdf7a2a4f7064233e43e9252a18d4d57920aac",
    "crucible.md|C4#0|CRUCIBLE": "bbc8ad29c6939c6b97e4d0464ecdf7a2a4f7064233e43e9252a18d4d57920aac",
    "crucible.md|C5#0|CRUCIBLE": "4ea7ed35e768b2b659041d40ab8b137de207c32b91371bc821e7358da01ceb4d",
    "crucible.md|C5#1|CRUCIBLE": "92299f2294a0eea3697b4feede6468acd7af278f8ad660614df4b4aef3536af8",
    "crucible.md|C5#2|CRUCIBLE": "af90ebebb3abde32c24348b72b56dd458e4e576a78118e2e51574cc568f6a1fc",
    "crucible.md|C6#0|CRUCIBLE": "dd28be73ba0c7a38664c4da28dbe867904a328ae5163e05e23d0ee2b3a6ec00d",
    "crucible.md|C7#0|CRUCIBLE": "8ef85556b2311bd2b3f6abb1e8721b521f0c8ac2866fccb2c55298cfe3220462",
    "crucible.md|C7#1|CRUCIBLE": "ffd1f286ff8ebc172d87bfb0e2edd7e4b8181c2c84f8b86576a82b524a6013d3",
    "crucible.md|FD1#0|CRUCIBLE": "7bb757683bc2991a869003048d061d15b696c3df4ac02ff297fb0333745e7c00",
    "crucible.md|FD2#0|CRUCIBLE": "7bb757683bc2991a869003048d061d15b696c3df4ac02ff297fb0333745e7c00",
    "crucible.md|FD3#0|CRUCIBLE": "7bb757683bc2991a869003048d061d15b696c3df4ac02ff297fb0333745e7c00",
    "crucible.md|FD4#0|CRUCIBLE": "c4ee644d13d808f810a18b4c40b8a1d9f3c64b7053dbaf2000e86916aee4b956",
    "crucible.md|FD4#1|CRUCIBLE": "4c70404a485a885b40e0fa490fef6a43c476073756639e30b38a9c2d9ff6de6e",
    "crucible.md|FD5#0|CRUCIBLE": "1fcf1cf1712993246774d1fd63b7ccc9df2c5d6da8485f288a4d36cdedbc17c4",
    "crucible.md|G1#0|CRUCIBLE": "f3b5cb5425b1720eddcb9e3af6f6ce5695eeaf783774b08676a9073974d4a60a",
    "crucible.md|G2#0|CRUCIBLE": "f3b5cb5425b1720eddcb9e3af6f6ce5695eeaf783774b08676a9073974d4a60a",
    "crucible.md|G2#1|CRUCIBLE": "fab2d8ee913c2dd7733f586b31ea649b61cbd48b0e96dac82ed65613acc621c6",
    "crucible.md|G2#2|CRUCIBLE": "df20accd6ddbea22db4c80a6f789e90d493149720736b60d3b293f9ad0104856",
    "crucible.md|G3#0|CRUCIBLE": "b553cfa87b41a5d87b2790c514566e2fab45c750b5efba787547a00f9381c4eb",
    "crucible.md|G4#0|CRUCIBLE": "b553cfa87b41a5d87b2790c514566e2fab45c750b5efba787547a00f9381c4eb",
    "crucible.md|G5#0|CRUCIBLE": "f3b5cb5425b1720eddcb9e3af6f6ce5695eeaf783774b08676a9073974d4a60a",
    "crucible.md|G6#0|CRUCIBLE": "f3b5cb5425b1720eddcb9e3af6f6ce5695eeaf783774b08676a9073974d4a60a",
    "crucible.md|G7#0|CRUCIBLE": "f3b5cb5425b1720eddcb9e3af6f6ce5695eeaf783774b08676a9073974d4a60a",
    "crucible.md|G8#0|CRUCIBLE": "89d0da7c9a4cdc15eb2f6987fd8f4d858d99ba08afe2f320a581abf5ec1a701b",
    "crucible.md|J1#0|CRUCIBLE": "8b6fa6bc56ecf8ae93c562394fdac5579b8e5319fb6e090510348dbd3d1fd905",
    "crucible.md|J1#1|CRUCIBLE": "8b6fa6bc56ecf8ae93c562394fdac5579b8e5319fb6e090510348dbd3d1fd905",
    "crucible.md|J2#0|CRUCIBLE": "8b6fa6bc56ecf8ae93c562394fdac5579b8e5319fb6e090510348dbd3d1fd905",
    "crucible.md|J3#0|CRUCIBLE": "8b6fa6bc56ecf8ae93c562394fdac5579b8e5319fb6e090510348dbd3d1fd905",
    "crucible.md|J4#0|CRUCIBLE": "af90ebebb3abde32c24348b72b56dd458e4e576a78118e2e51574cc568f6a1fc",
    "crucible.md|J4#1|CRUCIBLE": "f4ec6ed48813dc2e1dc2836fc54446339441443f5cf90f2a00e61b92f79a2375",
    "crucible.md|J5#0|CRUCIBLE": "af90ebebb3abde32c24348b72b56dd458e4e576a78118e2e51574cc568f6a1fc",
    "crucible.md|J5#1|CRUCIBLE": "f4ec6ed48813dc2e1dc2836fc54446339441443f5cf90f2a00e61b92f79a2375",
    "crucible.md|J6#0|CRUCIBLE": "af90ebebb3abde32c24348b72b56dd458e4e576a78118e2e51574cc568f6a1fc",
    "crucible.md|J6#1|CRUCIBLE": "f4ec6ed48813dc2e1dc2836fc54446339441443f5cf90f2a00e61b92f79a2375",
    "crucible.md|L1#0|CRUCIBLE": "df20accd6ddbea22db4c80a6f789e90d493149720736b60d3b293f9ad0104856",
    "crucible.md|L1#1|CRUCIBLE": "7a5bc12ccd6f0a0d3c62c4a48f9667141753c5a0689dd31405257a6ff6f59152",
    "crucible.md|L2#0|CRUCIBLE": "7a5bc12ccd6f0a0d3c62c4a48f9667141753c5a0689dd31405257a6ff6f59152",
    "crucible.md|L3#0|CRUCIBLE": "7153d9543b1ecc80b4285668c041ad86037f6293fc033acaa6e1c877669d9537",
    "crucible.md|L4#0|CRUCIBLE": "ffd1f286ff8ebc172d87bfb0e2edd7e4b8181c2c84f8b86576a82b524a6013d3",
    "crucible.md|N1#0|CRUCIBLE": "d21ec9d690eb8c598151c9b78a71c1f10020713cd547b885cbe5b8b63f17116d",
    "crucible.md|N10#0|CRUCIBLE": "d21ec9d690eb8c598151c9b78a71c1f10020713cd547b885cbe5b8b63f17116d",
    "crucible.md|N11#0|CRUCIBLE": "d21ec9d690eb8c598151c9b78a71c1f10020713cd547b885cbe5b8b63f17116d",
    "crucible.md|N12#0|CRUCIBLE": "d21ec9d690eb8c598151c9b78a71c1f10020713cd547b885cbe5b8b63f17116d",
    "crucible.md|N13#0|CRUCIBLE": "d21ec9d690eb8c598151c9b78a71c1f10020713cd547b885cbe5b8b63f17116d",
    "crucible.md|N14#0|CRUCIBLE": "d21ec9d690eb8c598151c9b78a71c1f10020713cd547b885cbe5b8b63f17116d",
    "crucible.md|N15#0|CRUCIBLE": "5dfd806d79903a5a7b9a5219d183ff804247078e5473fc3d7fc4e3d99f727233",
    "crucible.md|N16#0|CRUCIBLE": "714532bc3f988eccf1d7eb3ba96eb735dd79e61cb1d940f7adffccebe88e3724",
    "crucible.md|N17#0|CRUCIBLE": "714532bc3f988eccf1d7eb3ba96eb735dd79e61cb1d940f7adffccebe88e3724",
    "crucible.md|N18#0|CRUCIBLE": "714532bc3f988eccf1d7eb3ba96eb735dd79e61cb1d940f7adffccebe88e3724",
    "crucible.md|N19#0|CRUCIBLE": "714532bc3f988eccf1d7eb3ba96eb735dd79e61cb1d940f7adffccebe88e3724",
    "crucible.md|N2#0|CRUCIBLE": "d21ec9d690eb8c598151c9b78a71c1f10020713cd547b885cbe5b8b63f17116d",
    "crucible.md|N20#0|CRUCIBLE": "714532bc3f988eccf1d7eb3ba96eb735dd79e61cb1d940f7adffccebe88e3724",
    "crucible.md|N21#0|CRUCIBLE": "7a4687d174e5684efd58836252fe381360abb256073f9eb469440dc8fe8e6edf",
    "crucible.md|N22#0|CRUCIBLE": "479aa78078256ed572c695af5ffea02221a1708cf374d5ac897f0e3bc967e5e3",
    "crucible.md|N3#0|CRUCIBLE": "d21ec9d690eb8c598151c9b78a71c1f10020713cd547b885cbe5b8b63f17116d",
    "crucible.md|N4#0|CRUCIBLE": "d21ec9d690eb8c598151c9b78a71c1f10020713cd547b885cbe5b8b63f17116d",
    "crucible.md|N5#0|CRUCIBLE": "d21ec9d690eb8c598151c9b78a71c1f10020713cd547b885cbe5b8b63f17116d",
    "crucible.md|N6#0|CRUCIBLE": "d21ec9d690eb8c598151c9b78a71c1f10020713cd547b885cbe5b8b63f17116d",
    "crucible.md|N7#0|CRUCIBLE": "d21ec9d690eb8c598151c9b78a71c1f10020713cd547b885cbe5b8b63f17116d",
    "crucible.md|N8#0|CRUCIBLE": "d21ec9d690eb8c598151c9b78a71c1f10020713cd547b885cbe5b8b63f17116d",
    "crucible.md|N9#0|CRUCIBLE": "d21ec9d690eb8c598151c9b78a71c1f10020713cd547b885cbe5b8b63f17116d",
    "crucible.md|P1#0|CRUCIBLE": "c4ee644d13d808f810a18b4c40b8a1d9f3c64b7053dbaf2000e86916aee4b956",
    "crucible.md|P10#0|CRUCIBLE": "c4ee644d13d808f810a18b4c40b8a1d9f3c64b7053dbaf2000e86916aee4b956",
    "crucible.md|P11#0|CRUCIBLE": "c4ee644d13d808f810a18b4c40b8a1d9f3c64b7053dbaf2000e86916aee4b956",
    "crucible.md|P12#0|CRUCIBLE": "c4ee644d13d808f810a18b4c40b8a1d9f3c64b7053dbaf2000e86916aee4b956",
    "crucible.md|P13#0|CRUCIBLE": "c4ee644d13d808f810a18b4c40b8a1d9f3c64b7053dbaf2000e86916aee4b956",
    "crucible.md|P14#0|CRUCIBLE": "c4ee644d13d808f810a18b4c40b8a1d9f3c64b7053dbaf2000e86916aee4b956",
    "crucible.md|P15#0|CRUCIBLE": "c4ee644d13d808f810a18b4c40b8a1d9f3c64b7053dbaf2000e86916aee4b956",
    "crucible.md|P15a#0|CRUCIBLE": "c4ee644d13d808f810a18b4c40b8a1d9f3c64b7053dbaf2000e86916aee4b956",
    "crucible.md|P16#0|CRUCIBLE": "c4ee644d13d808f810a18b4c40b8a1d9f3c64b7053dbaf2000e86916aee4b956",
    "crucible.md|P16a#0|CRUCIBLE": "c4ee644d13d808f810a18b4c40b8a1d9f3c64b7053dbaf2000e86916aee4b956",
    "crucible.md|P17#0|CRUCIBLE": "c4ee644d13d808f810a18b4c40b8a1d9f3c64b7053dbaf2000e86916aee4b956",
    "crucible.md|P17a#0|CRUCIBLE": "c4ee644d13d808f810a18b4c40b8a1d9f3c64b7053dbaf2000e86916aee4b956",
    "crucible.md|P18#0|CRUCIBLE": "c4ee644d13d808f810a18b4c40b8a1d9f3c64b7053dbaf2000e86916aee4b956",
    "crucible.md|P19#0|CRUCIBLE": "c4ee644d13d808f810a18b4c40b8a1d9f3c64b7053dbaf2000e86916aee4b956",
    "crucible.md|P19a#0|CRUCIBLE": "c4ee644d13d808f810a18b4c40b8a1d9f3c64b7053dbaf2000e86916aee4b956",
    "crucible.md|P2#0|CRUCIBLE": "c4ee644d13d808f810a18b4c40b8a1d9f3c64b7053dbaf2000e86916aee4b956",
    "crucible.md|P20#0|CRUCIBLE": "c4ee644d13d808f810a18b4c40b8a1d9f3c64b7053dbaf2000e86916aee4b956",
    "crucible.md|P20a#0|CRUCIBLE": "c4ee644d13d808f810a18b4c40b8a1d9f3c64b7053dbaf2000e86916aee4b956",
    "crucible.md|P21#0|CRUCIBLE": "c4ee644d13d808f810a18b4c40b8a1d9f3c64b7053dbaf2000e86916aee4b956",
    "crucible.md|P21a#0|CRUCIBLE": "c4ee644d13d808f810a18b4c40b8a1d9f3c64b7053dbaf2000e86916aee4b956",
    "crucible.md|P3#0|CRUCIBLE": "c4ee644d13d808f810a18b4c40b8a1d9f3c64b7053dbaf2000e86916aee4b956",
    "crucible.md|P4#0|CRUCIBLE": "c4ee644d13d808f810a18b4c40b8a1d9f3c64b7053dbaf2000e86916aee4b956",
    "crucible.md|P5#0|CRUCIBLE": "c4ee644d13d808f810a18b4c40b8a1d9f3c64b7053dbaf2000e86916aee4b956",
    "crucible.md|P6#0|CRUCIBLE": "c4ee644d13d808f810a18b4c40b8a1d9f3c64b7053dbaf2000e86916aee4b956",
    "crucible.md|P7#0|CRUCIBLE": "c4ee644d13d808f810a18b4c40b8a1d9f3c64b7053dbaf2000e86916aee4b956",
    "crucible.md|P8#0|CRUCIBLE": "c4ee644d13d808f810a18b4c40b8a1d9f3c64b7053dbaf2000e86916aee4b956",
    "crucible.md|P9#0|CRUCIBLE": "c4ee644d13d808f810a18b4c40b8a1d9f3c64b7053dbaf2000e86916aee4b956",
    "crucible.md|Q1#0|CRUCIBLE": "e660747e292c86498edb27d304e8eb3d22b89b2db9d258748359078148ae7400",
    "crucible.md|X1#0|CRUCIBLE": "70f0dd04575967ae7a0c394f6cbf619252ba899ec77300d2e865e56c7c46f7c8",
    "crucible.md|X2#0|CRUCIBLE": "70f0dd04575967ae7a0c394f6cbf619252ba899ec77300d2e865e56c7c46f7c8",
    "crucible.md|X3#0|CRUCIBLE": "6950fc6bf9ff1f1987ead813386a7bd33ed7667aef16e35d8a5d0883600181ff",
    "crucible.md|X3#1|CRUCIBLE": "92960752297c3f29f79d41703d0f5fe8a3494b10941707917d3a382ab246e75e",
    "crucible.md|X4#0|CRUCIBLE": "205e22a60ab028294b037ef0512df902c0c11b757937e3d1649138e9d27a1461",
    "crucible.md|X4#1|CRUCIBLE": "837945532a63ea94aaf6faf9c7f8c8b7b43d52edcc62a44f316b217b2259e922",
    "crucible.md|X5#0|CRUCIBLE": "205e22a60ab028294b037ef0512df902c0c11b757937e3d1649138e9d27a1461",
    "crucible.md|X5#1|CRUCIBLE": "837945532a63ea94aaf6faf9c7f8c8b7b43d52edcc62a44f316b217b2259e922",
    "crucible.md|X6#0|CRUCIBLE": "837945532a63ea94aaf6faf9c7f8c8b7b43d52edcc62a44f316b217b2259e922",
    "crucible.md|X7#0|CRUCIBLE": "7d87c2f31ff9fa77f519b9c5f9a9ab828e9b8cfee3b2c487a93eebf4ebf4d94b",
    "crucible.md|X7#1|CRUCIBLE": "fa9340d90abe2325af23d0a4ec846ce2a4ee4096ea4f87698fe8d456c172091b",
    "crucible.md|X8#0|CRUCIBLE": "7d87c2f31ff9fa77f519b9c5f9a9ab828e9b8cfee3b2c487a93eebf4ebf4d94b",
    "crucible.md|X8#1|CRUCIBLE": "fa9340d90abe2325af23d0a4ec846ce2a4ee4096ea4f87698fe8d456c172091b",
    "engram.md|E13#0|FORGE": "f69aa2bb6415a245eaa91f0c86ccacd3127beae169529dbae68004bd153ba6fb",
    "engram.md|E2#0|ENGRAM": "a763d907169cdd6bd530765b6c907b33d8080fd4fad912a27510a44b64471c9e",
    "engram.md|E28#0|ENGRAM": "dbb941427ee27d56dc8012975c3bf11ea3773b30234e452cbf9e7d8c37b9afe5",
    "engram.md|E29#0|ENGRAM": "dbb941427ee27d56dc8012975c3bf11ea3773b30234e452cbf9e7d8c37b9afe5",
    "engram.md|E3#0|ENGRAM": "3ebf72e4470e40aa8fac56b62cae3348099a2c97c708dcca3ef0d42b7495af5b",
    "engram.md|E30#0|ENGRAM": "b33030facd558da077026d9d390c58453743aa17bde37c7b669e6d9eb4b8c073",
    "engram.md|E31#0|ENGRAM": "3e67aa335fcbd44e12ee39873f0a43fbff43b39b32902ec261ead6aa8ab1b3cb",
    "engram.md|E32#0|ENGRAM": "3e67aa335fcbd44e12ee39873f0a43fbff43b39b32902ec261ead6aa8ab1b3cb",
    "engram.md|E33#0|ENGRAM": "f57168f5b94140f7c0587f10b2e14147c907af384e1df4c3ef8d644416d1819b",
    "engram.md|E34#0|ENGRAM": "96cc725b9bcb0b0733acdffb145f19dad95426a36f5f6709879d63ba51700a57",
    "engram.md|E35#0|ENGRAM": "417092c9a0cb9063927af2e06f9b72f7db15f531de5b8720c354f572b0d74607",
    "engram.md|E36#0|ENGRAM": "6531093ade5a95fc6c599f79717160bf80c61d2c7500e53a9f5e9fbadf9c0f68",
    "engram.md|E37#0|ENGRAM": "75400d8d48d7b3747301b7bd99fc3e7479e2312b9436f39df467d68b552df952",
    "engram.md|E38#0|ENGRAM": "78a4fc8b468e28e27b94d7b3dead95db17816df877dcda9dbd6987cc7107dfd9",
    "engram.md|E39#0|ENGRAM": "64b55219e4ae3106d6da7ffef01272e42ea2262c0a8e9b7e093140100a817eb8",
    "engram.md|E4#0|ENGRAM": "3ebf72e4470e40aa8fac56b62cae3348099a2c97c708dcca3ef0d42b7495af5b",
    "engram.md|E40#0|ENGRAM": "781930a6951d045b4b5a8cd960acd202378cae5a61b46d7845457515fad54c05",
    "engram.md|E41#0|ENGRAM": "06a183e2da8c91aa0db4305820ce715802591ee2970b52d9e3dfe6d85ccf8e9a",
    "engram.md|E42#0|ENGRAM": "d40c0aff14de6131f5a86787d1ad88358a97d88a61bec5174e4fa4b620710614",
    "engram.md|E43#0|ENGRAM": "1d65602e21b49943311376773bbba75d5751fd8aa88321c46524423d92037b68",
    "engram.md|E44#0|ENGRAM": "1d65602e21b49943311376773bbba75d5751fd8aa88321c46524423d92037b68",
    "engram.md|E45#0|ENGRAM": "ad505a06cd506a05817b83db6d0e88982797898c40f250161ed3d4171395633e",
    "engram.md|E46#0|ENGRAM": "5409876234a8cc67c22b3cc195ce2863ca4ec0b6216db2518a96d471e1059b90",
    "engram.md|E47#0|ENGRAM": "d6d24efdb2e8a2142b92659a0c637c1d3f187de17d4ec712eb7820a04d93c389",
    "engram.md|E5#0|ENGRAM": "3ebf72e4470e40aa8fac56b62cae3348099a2c97c708dcca3ef0d42b7495af5b",
    "engram.md|E6#0|ENGRAM": "0885cf70c00301344fcce35195fe2580069474f5bbd98562ba2a7aaa7b44ea5e",
    "engram.md|E7#0|ENGRAM": "e2b556217d6bdb3574f39ecb4335acc3b3e42ec2c5aaae697843786957763973",
    "engram.md|E8#0|ENGRAM": "c63f9c381e3a0d53776e582c90492863265a8e7c6349b8462f9086756ce06e1d",
    "engram.md|prose:83#0|ENGRAM": "78b7bbf2951353d7776a67e8c4adea0241c2a32b7e1172c143dedafc156bbc4e",
    "engram.md|prose:83#1|FORGE": "2a17c97807e3f7aa20ebc88aef20d35e6e774458afccdab8589a80a2e6e19f49",
    "engram.md|prose:83#2|CRUCIBLE": "2a17c97807e3f7aa20ebc88aef20d35e6e774458afccdab8589a80a2e6e19f49",
    "engram.md|prose:83#3|README": "a8680d33ff833986eb3086bdc2f9db1dae1736d67f08eab637c237c3be200b15",
    "engram.md|prose:83#4|ENGRAM": "a763d907169cdd6bd530765b6c907b33d8080fd4fad912a27510a44b64471c9e",
    "forge.md|F12#0|FORGE": "da521d6c6a2b6821f54dfbbfcd29b81b2ebafecce827ee31e0c362bb36ba40d0",
    "forge.md|F13#0|FORGE": "af7bf08c135d660173a39e0af201499adfff84415a1f05f2aa02f92bf61f7f8f",
    "forge.md|F14#0|FORGE": "af7bf08c135d660173a39e0af201499adfff84415a1f05f2aa02f92bf61f7f8f",
    "forge.md|F15#0|FORGE": "2ce574a66849805295bc139ba67e697936e7ca635934eb45e277032187554457",
    "forge.md|F32#0|FORGE": "0d75b13c8e7728b2473161d4e9a59e21aab8fe8e249c5e3068995dd05b43420a",
    "forge.md|F33#0|FORGE": "150ea556eff070eeac49aeb59f77dcc72cb710f7146753930c973def9a8ab8ff",
    "forge.md|F34#0|FORGE": "150ea556eff070eeac49aeb59f77dcc72cb710f7146753930c973def9a8ab8ff",
    "forge.md|F35#0|FORGE": "150ea556eff070eeac49aeb59f77dcc72cb710f7146753930c973def9a8ab8ff",
    "forge.md|F36#0|FORGE": "54fabd082606f42fce4be24bb29e69a5ecf199d94d772c3f89767807d1a68c11",
    "forge.md|F37#0|FORGE": "733d13f8064031579c26e04e0c7ffb622abfba5da0cfab403caa27264a6c4c24",
    "forge.md|F38#0|FORGE": "74899f3a35bf37988c67bc5affd67411bb4cf2d40c037cae23d58cc7137664a0",
    "forge.md|F39#0|FORGE": "a6e8cd0abe60312ee33a8c074eed38b90758f83b68f96765b2dc62934bada027",
    "forge.md|F40#0|FORGE": "ad42c0bbd2d4b5dd98291c523e87377eb917ca92b6337b51d7bdb3012fd89fcb",
    "forge.md|F41#0|FORGE": "ad42c0bbd2d4b5dd98291c523e87377eb917ca92b6337b51d7bdb3012fd89fcb",
    "forge.md|F42#0|FORGE": "a5d7e61cd6c02d2ddffeda37b94f40c6a88205569be032d4bbfac85e7687f335",
    "forge.md|F43#0|FORGE": "0d31845e62f9bb6aad54d08a3475177e057f7e5067411aa6a1c9e0f75c6e529d",
    "forge.md|F44#0|FORGE": "01be1cb2bb2a9e889bc996438d0db89033ef58cce34ecd5c908435d53ca908e1",
    "forge.md|F45#0|FORGE": "01be1cb2bb2a9e889bc996438d0db89033ef58cce34ecd5c908435d53ca908e1",
    "forge.md|F46#0|FORGE": "a5d7e61cd6c02d2ddffeda37b94f40c6a88205569be032d4bbfac85e7687f335",
    "forge.md|F47#0|FORGE": "e4256633f2a41a5f74bffcc6446e9845efcc0927401da4f8f0da1fede59f8a45",
    "forge.md|F48#0|FORGE": "ef40329bc8a4c8f17a203f361b09e54c1f81671b23e7da2ec648823f796ebd3a",
    "forge.md|F49#0|FORGE": "a5d7e61cd6c02d2ddffeda37b94f40c6a88205569be032d4bbfac85e7687f335",
    "forge.md|F5#0|FORGE": "83c4a4f338715b416cbdc9e7582a59f5b291d31d38a4ad7a3c02c65df401bf03",
    "forge.md|F50#0|FORGE": "ae1c3e3b855f5539a92ad3b1f2be8b06c0ef659e49a1fa22223a2f7c5ce56a78",
    "forge.md|F51#0|FORGE": "f6dc5f2fb75d99512a8948506d4e11ac6da0b98a3b2e7edd6f93e6eb26b3f88d",
    "forge.md|F52#0|FORGE": "f6dc5f2fb75d99512a8948506d4e11ac6da0b98a3b2e7edd6f93e6eb26b3f88d",
    "forge.md|F53#0|FORGE": "0dcc8e1088558935ce76f7d9e88415273844b4f39bb1662562dfe33f84850a8c",
    "forge.md|F54#0|FORGE": "40abfa7876efbe868ecee38ea92ace573976e6970037ecc618cdc1cacc555a09",
    "forge.md|F55#0|FORGE": "0dcc8e1088558935ce76f7d9e88415273844b4f39bb1662562dfe33f84850a8c",
    "forge.md|F56#0|FORGE": "cc8e361aa63c0aae4183ead9979e101c031d0b711632778fdf292a6c28248ce2",
    "forge.md|F57#0|FORGE": "1a505634f78863d1d82660523786a84140dd0730edf4d59f446c947b4d18f408",
    "forge.md|F58#0|FORGE": "b54bc0fa5f18a71db5b660016995117b6c85cb4fa1b781a3822281b72ef8e5dc",
    "forge.md|F59#0|FORGE": "0dcc8e1088558935ce76f7d9e88415273844b4f39bb1662562dfe33f84850a8c",
    "forge.md|F60#0|FORGE": "0dcc8e1088558935ce76f7d9e88415273844b4f39bb1662562dfe33f84850a8c",
    "forge.md|F61#0|FORGE": "0dcc8e1088558935ce76f7d9e88415273844b4f39bb1662562dfe33f84850a8c",
    "forge.md|F62#0|FORGE": "0d31845e62f9bb6aad54d08a3475177e057f7e5067411aa6a1c9e0f75c6e529d",
    "forge.md|F63#0|FORGE": "09f7a200b2be86277065f20a3f289cfce106b92fa04fab0d03595c607f6fa98b",
    "forge.md|F64#0|FORGE": "a5d7e61cd6c02d2ddffeda37b94f40c6a88205569be032d4bbfac85e7687f335",
    "forge.md|F65#0|FORGE": "a93affe0cd9f0343407d9edd417407065d8f19a0f021a254097f0be6cd442fe6",
    "forge.md|F65#1|ENGRAM": "78a4fc8b468e28e27b94d7b3dead95db17816df877dcda9dbd6987cc7107dfd9",
    "forge.md|F66#0|FORGE": "a93affe0cd9f0343407d9edd417407065d8f19a0f021a254097f0be6cd442fe6",
    "forge.md|F66#1|FORGE": "a3ddcea4e9da78352acaa309fa3c6ea53efd55c8ad81d871f333dd2ce0cf8737",
    "forge.md|F67#0|FORGE": "e4256633f2a41a5f74bffcc6446e9845efcc0927401da4f8f0da1fede59f8a45",
    "forge.md|F67#1|FORGE": "597b4546b22d709dd5147fd086208728ed029f41445c0174e4550bc63b95b9ac",
    "forge.md|F68#0|FORGE": "d7c75b0026accf990b7129b6a7b58c58312d1867e09ae8bc3e021e2bf54c48c7",
    "forge.md|F69#0|FORGE": "d7c75b0026accf990b7129b6a7b58c58312d1867e09ae8bc3e021e2bf54c48c7",
    "forge.md|F70#0|FORGE": "d7c75b0026accf990b7129b6a7b58c58312d1867e09ae8bc3e021e2bf54c48c7",
    "forge.md|F70#1|FORGE": "d6bd4d571b31da1a4353662b4d32f9a2f562f26852b3dc311515bdc271fc97ff",
    "forge.md|F71#0|FORGE": "d7c75b0026accf990b7129b6a7b58c58312d1867e09ae8bc3e021e2bf54c48c7",
    "forge.md|F72#0|FORGE": "d4dcc8ab829dd1d1b896b91796bf73b03c60e476cac356b0ac2acd633e16f3b2",
    "forge.md|F72#1|FORGE": "bce131bc4554b9a27cefc1ae15cc7ca5d7783a6af247971f63d2b62d27e7f3b7",
    "forge.md|F73#0|FORGE": "883b35e070a2f0c007d214d782014abf687bc0a49bb3bdc90379cd22ee1c95a2",
    "forge.md|F74#0|FORGE": "20f4564545b6a73d41a601471c2744dcfa49798dda81f6c348cce85a897ef4b5",
    "forge.md|F75#0|FORGE": "d6bd4d571b31da1a4353662b4d32f9a2f562f26852b3dc311515bdc271fc97ff",
    "forge.md|F80#0|FORGE": "a5d7e61cd6c02d2ddffeda37b94f40c6a88205569be032d4bbfac85e7687f335",
    "forge.md|F81#0|FORGE": "a5d7e61cd6c02d2ddffeda37b94f40c6a88205569be032d4bbfac85e7687f335",
    "forge.md|F81#1|ENGRAM": "b765264d63fd1744cdbd329e865df6f52796206086d14356a902f2faacb872c5",
    "forge.md|F82#0|FORGE": "df01a5de93bf35a6a2207e5aabb189ab1be8441ec0a5be4865f4370e1d949fbe",
    "forge.md|F83#0|FORGE": "0d31845e62f9bb6aad54d08a3475177e057f7e5067411aa6a1c9e0f75c6e529d",
    "forge.md|prose:27#0|FORGE": "83c4a4f338715b416cbdc9e7582a59f5b291d31d38a4ad7a3c02c65df401bf03",
    "shared.md|A1#0|CRUCIBLE": "007ee00ea11d601ab7bd48fd14f178bbd4399341420620e6dcf43207ddfb5d65",
    "shared.md|A1#1|ENGRAM": "007ee00ea11d601ab7bd48fd14f178bbd4399341420620e6dcf43207ddfb5d65",
    "shared.md|A1#2|FORGE": "007ee00ea11d601ab7bd48fd14f178bbd4399341420620e6dcf43207ddfb5d65",
    "shared.md|A10#0|CRUCIBLE": "30374c3125469632ed8347fb20a8f01db76385b76c10a9fa8e62c76d2344e20b",
    "shared.md|A10#1|FORGE": "a8ad67ccaa5e497c06f83d70d647d6b4c20350433f7a1ef9a15bc74263da624b",
    "shared.md|A11#0|FORGE": "a8ad67ccaa5e497c06f83d70d647d6b4c20350433f7a1ef9a15bc74263da624b",
    "shared.md|A12#0|FORGE": "a8ad67ccaa5e497c06f83d70d647d6b4c20350433f7a1ef9a15bc74263da624b",
    "shared.md|A13#0|FORGE": "a8ad67ccaa5e497c06f83d70d647d6b4c20350433f7a1ef9a15bc74263da624b",
    "shared.md|A14#0|FORGE": "a8ad67ccaa5e497c06f83d70d647d6b4c20350433f7a1ef9a15bc74263da624b",
    "shared.md|A15#0|FORGE": "90bac7e0b28b2f99f6688f2512d5701c7a15e3484aa64d34b00b7ace863482c4",
    "shared.md|A16#0|FORGE": "90bac7e0b28b2f99f6688f2512d5701c7a15e3484aa64d34b00b7ace863482c4",
    "shared.md|A17#0|FORGE": "c6df5e1e219489a70065f15d8277829a08ed0e3f84474879e307090cd12dad2f",
    "shared.md|A18#0|ENGRAM": "c98ebb5f9d01ec6e067c57b56e2bb2b43f4fbc69d229f40559c54640e507eb2b",
    "shared.md|A2#0|CRUCIBLE": "007ee00ea11d601ab7bd48fd14f178bbd4399341420620e6dcf43207ddfb5d65",
    "shared.md|A20#0|CRUCIBLE": "e660747e292c86498edb27d304e8eb3d22b89b2db9d258748359078148ae7400",
    "shared.md|A20#1|FORGE": "09f7a200b2be86277065f20a3f289cfce106b92fa04fab0d03595c607f6fa98b",
    "shared.md|A21#0|CRUCIBLE": "e660747e292c86498edb27d304e8eb3d22b89b2db9d258748359078148ae7400",
    "shared.md|A22#0|FORGE": "09f7a200b2be86277065f20a3f289cfce106b92fa04fab0d03595c607f6fa98b",
    "shared.md|A23#0|CRUCIBLE": "e660747e292c86498edb27d304e8eb3d22b89b2db9d258748359078148ae7400",
    "shared.md|A24#0|ENGRAM": "007ee00ea11d601ab7bd48fd14f178bbd4399341420620e6dcf43207ddfb5d65",
    "shared.md|A26#0|CRUCIBLE": "007ee00ea11d601ab7bd48fd14f178bbd4399341420620e6dcf43207ddfb5d65",
    "shared.md|A27#0|CRUCIBLE": "37baaaa1e6f7d79ffe101829f735936ffd33d2b9486dda238aea1745a3693a34",
    "shared.md|A28#0|CRUCIBLE": "37baaaa1e6f7d79ffe101829f735936ffd33d2b9486dda238aea1745a3693a34",
    "shared.md|A29#0|FORGE": "aa610cbdd24fac64197219f4f36f018240b58e49a94e558cf31239236083ac9e",
    "shared.md|A3#0|CRUCIBLE": "007ee00ea11d601ab7bd48fd14f178bbd4399341420620e6dcf43207ddfb5d65",
    "shared.md|A3#1|CRUCIBLE": "7a5bc12ccd6f0a0d3c62c4a48f9667141753c5a0689dd31405257a6ff6f59152",
    "shared.md|A30#0|FORGE": "aa610cbdd24fac64197219f4f36f018240b58e49a94e558cf31239236083ac9e",
    "shared.md|A31#0|FORGE": "aa610cbdd24fac64197219f4f36f018240b58e49a94e558cf31239236083ac9e",
    "shared.md|A32#0|CRUCIBLE": "bbc8ad29c6939c6b97e4d0464ecdf7a2a4f7064233e43e9252a18d4d57920aac",
    "shared.md|A33#0|CRUCIBLE": "eafd3f3c94eeeb4cd7adc40439204bf04a8167e52e4fc69f4a6f18118275069e",
    "shared.md|A34#0|CRUCIBLE": "eafd3f3c94eeeb4cd7adc40439204bf04a8167e52e4fc69f4a6f18118275069e",
    "shared.md|A35#0|ENGRAM": "ee44726f6825d7c11fed517bcc54927cc73fc26ce74f9cc56cbf1f65ae71cc3c",
    "shared.md|A36#0|CRUCIBLE": "007ee00ea11d601ab7bd48fd14f178bbd4399341420620e6dcf43207ddfb5d65",
    "shared.md|A36#1|CRUCIBLE": "9be7a21bfb9fc0f458366af28df41ed4b8d2f92e743daf2b32ee9d23a4a90b6c",
    "shared.md|A37#0|CRUCIBLE": "eafd3f3c94eeeb4cd7adc40439204bf04a8167e52e4fc69f4a6f18118275069e",
    "shared.md|A38#0|CRUCIBLE": "eafd3f3c94eeeb4cd7adc40439204bf04a8167e52e4fc69f4a6f18118275069e",
    "shared.md|A39#0|ENGRAM": "007ee00ea11d601ab7bd48fd14f178bbd4399341420620e6dcf43207ddfb5d65",
    "shared.md|A4#0|CRUCIBLE": "007ee00ea11d601ab7bd48fd14f178bbd4399341420620e6dcf43207ddfb5d65",
    "shared.md|A40#0|CRUCIBLE": "007ee00ea11d601ab7bd48fd14f178bbd4399341420620e6dcf43207ddfb5d65",
    "shared.md|A40#1|ENGRAM": "007ee00ea11d601ab7bd48fd14f178bbd4399341420620e6dcf43207ddfb5d65",
    "shared.md|A40#2|FORGE": "007ee00ea11d601ab7bd48fd14f178bbd4399341420620e6dcf43207ddfb5d65",
    "shared.md|A41#0|CRUCIBLE": "007ee00ea11d601ab7bd48fd14f178bbd4399341420620e6dcf43207ddfb5d65",
    "shared.md|A41#1|ENGRAM": "007ee00ea11d601ab7bd48fd14f178bbd4399341420620e6dcf43207ddfb5d65",
    "shared.md|A41#2|FORGE": "007ee00ea11d601ab7bd48fd14f178bbd4399341420620e6dcf43207ddfb5d65",
    "shared.md|A42#0|CRUCIBLE": "e660747e292c86498edb27d304e8eb3d22b89b2db9d258748359078148ae7400",
    "shared.md|A43#0|FORGE": "0dcc8e1088558935ce76f7d9e88415273844b4f39bb1662562dfe33f84850a8c",
    "shared.md|A44#0|ENGRAM": "007ee00ea11d601ab7bd48fd14f178bbd4399341420620e6dcf43207ddfb5d65",
    "shared.md|A45#0|CRUCIBLE": "eafd3f3c94eeeb4cd7adc40439204bf04a8167e52e4fc69f4a6f18118275069e",
    "shared.md|A5#0|CRUCIBLE": "30374c3125469632ed8347fb20a8f01db76385b76c10a9fa8e62c76d2344e20b",
    "shared.md|A56#0|FORGE": "09f7a200b2be86277065f20a3f289cfce106b92fa04fab0d03595c607f6fa98b",
    "shared.md|A57#0|FORGE": "2a6bb6d93d8e84aab7e48f30f1154f77fad5a6722be53902ebd17ac33d483722",
    "shared.md|A58#0|CRUCIBLE": "e660747e292c86498edb27d304e8eb3d22b89b2db9d258748359078148ae7400",
    "shared.md|A59#0|FORGE": "2a6bb6d93d8e84aab7e48f30f1154f77fad5a6722be53902ebd17ac33d483722",
    "shared.md|A60#0|FORGE": "99c089ddd7a69d0e832a6351a15a6ab551b5eed4c7c8f03bd6cabcbd2a651531",
    "shared.md|A61#0|FORGE": "2a6bb6d93d8e84aab7e48f30f1154f77fad5a6722be53902ebd17ac33d483722",
    "shared.md|A62#0|FORGE": "2a6bb6d93d8e84aab7e48f30f1154f77fad5a6722be53902ebd17ac33d483722",
    "shared.md|A63#0|FORGE": "99c089ddd7a69d0e832a6351a15a6ab551b5eed4c7c8f03bd6cabcbd2a651531",
    "shared.md|A64#0|FORGE": "2a6bb6d93d8e84aab7e48f30f1154f77fad5a6722be53902ebd17ac33d483722",
    "shared.md|A65#0|ENGRAM": "282421cb4981b6acff207871ddb6eda5a7609c20d63e9afbff09ccdc12c5b138",
    "shared.md|A66#0|ENGRAM": "282421cb4981b6acff207871ddb6eda5a7609c20d63e9afbff09ccdc12c5b138",
    "shared.md|A67#0|FORGE": "a5d7e61cd6c02d2ddffeda37b94f40c6a88205569be032d4bbfac85e7687f335",
    "shared.md|A68#0|CRUCIBLE": "007ee00ea11d601ab7bd48fd14f178bbd4399341420620e6dcf43207ddfb5d65",
    "shared.md|A68#1|ENGRAM": "007ee00ea11d601ab7bd48fd14f178bbd4399341420620e6dcf43207ddfb5d65",
    "shared.md|A68#2|FORGE": "007ee00ea11d601ab7bd48fd14f178bbd4399341420620e6dcf43207ddfb5d65",
    "shared.md|A72#0|ENGRAM": "78a4fc8b468e28e27b94d7b3dead95db17816df877dcda9dbd6987cc7107dfd9",
    "shared.md|A73#0|ENGRAM": "78a4fc8b468e28e27b94d7b3dead95db17816df877dcda9dbd6987cc7107dfd9",
    "shared.md|A74#0|FORGE": "a5d7e61cd6c02d2ddffeda37b94f40c6a88205569be032d4bbfac85e7687f335",
    "shared.md|A75#0|ENGRAM": "78a4fc8b468e28e27b94d7b3dead95db17816df877dcda9dbd6987cc7107dfd9",
    "shared.md|A76#0|README": "aa90fb453ece7b11a3f377d3743014d518f83432d1338ef89bb4e368b103108e",
    "shared.md|A77#0|ENGRAM": "78a4fc8b468e28e27b94d7b3dead95db17816df877dcda9dbd6987cc7107dfd9",
    "shared.md|A79#0|README": "755f08060189dbbde3cff67b97a6b002628ddc1d8faafd9fde050fa698cfb650",
    "shared.md|A80#0|ENGRAM": "78a4fc8b468e28e27b94d7b3dead95db17816df877dcda9dbd6987cc7107dfd9",
    "shared.md|A81#0|FORGE": "a5d7e61cd6c02d2ddffeda37b94f40c6a88205569be032d4bbfac85e7687f335",
    "shared.md|A82#0|README": "a3bbe657bb00b643fe4d32cacf7c6beb13d9c753505f139e7f07dc46b672bac9",
    "shared.md|A9#0|FORGE": "a8ad67ccaa5e497c06f83d70d647d6b4c20350433f7a1ef9a15bc74263da624b",
    "shared.md|A90#0|FORGE": "a5d7e61cd6c02d2ddffeda37b94f40c6a88205569be032d4bbfac85e7687f335",
    "shared.md|A90#1|ENGRAM": "41e7fce050477f7565c72c2d50be4699e5bf089f4ada866cbae6315d6332ef94",
    "shared.md|A90#2|CRUCIBLE": "eafd3f3c94eeeb4cd7adc40439204bf04a8167e52e4fc69f4a6f18118275069e",
    "shared.md|A91#0|ENGRAM": "007ee00ea11d601ab7bd48fd14f178bbd4399341420620e6dcf43207ddfb5d65",
    "shared.md|A92#0|ENGRAM": "007ee00ea11d601ab7bd48fd14f178bbd4399341420620e6dcf43207ddfb5d65",
    "shared.md|A93#0|ENGRAM": "007ee00ea11d601ab7bd48fd14f178bbd4399341420620e6dcf43207ddfb5d65",
    "shared.md|A94#0|ENGRAM": "007ee00ea11d601ab7bd48fd14f178bbd4399341420620e6dcf43207ddfb5d65",
    "shared.md|M1#0|CRUCIBLE": "30374c3125469632ed8347fb20a8f01db76385b76c10a9fa8e62c76d2344e20b",
    "shared.md|M10#0|CRUCIBLE": "da153ebbcd06165a8c3d9f123dc8be593fd149fb35fb81ea27427b4d7c4ace70",
    "shared.md|M11#0|CRUCIBLE": "f1d543db0ca0e7187d99297c69be8f4b5771f15ef5cdf58843d7d8414053c2af",
    "shared.md|M12#0|CRUCIBLE": "cbd558f72d3914957d15d3b66dc1cce053e9a11f5cae4dc4fb91e6bf805f0eab",
    "shared.md|M13#0|CRUCIBLE": "9f1fafdc4b512c040822864ebaa48ed71f8476b9e1949db8795762520c3adfea",
    "shared.md|M14#0|CRUCIBLE": "9f1fafdc4b512c040822864ebaa48ed71f8476b9e1949db8795762520c3adfea",
    "shared.md|M15#0|CRUCIBLE": "9f1fafdc4b512c040822864ebaa48ed71f8476b9e1949db8795762520c3adfea",
    "shared.md|M16#0|CRUCIBLE": "0343f78f942000f6c134f4b1a1214ad627d90332ea1c18e4a42bce3486d80b02",
    "shared.md|M17#0|CRUCIBLE": "918e2414805f9b3224e0883508d263c903f91eabc0bdec256b2bc839ff991cf5",
    "shared.md|M18#0|CRUCIBLE": "5e4cb00c251badfadf04bd9bd99b9925e10eb420c0ca750e58c0e1c979ab21a5",
    "shared.md|M19#0|CRUCIBLE": "6ede7c6cbea0679926b5a8227808498079c917620fcdb0f302af6aa567d3ec5a",
    "shared.md|M2#0|CRUCIBLE": "30374c3125469632ed8347fb20a8f01db76385b76c10a9fa8e62c76d2344e20b",
    "shared.md|M20#0|CRUCIBLE": "6ede7c6cbea0679926b5a8227808498079c917620fcdb0f302af6aa567d3ec5a",
    "shared.md|M21#0|CRUCIBLE": "edd082a5eb93ceebbcd782bd505317cd688edcf1b93fb84045780559ec7f56db",
    "shared.md|M22#0|CRUCIBLE": "f789446fe26906d9c80365771f1dac802d3241ca587f131a7d4e8a57bdf9fa30",
    "shared.md|M23#0|CRUCIBLE": "92960752297c3f29f79d41703d0f5fe8a3494b10941707917d3a382ab246e75e",
    "shared.md|M24#0|CRUCIBLE": "f55d66efc99bdb139432f4653337f6386906318ccee2badbc644e17ae6ad84f7",
    "shared.md|M25#0|CRUCIBLE": "ca9f4e19bea1f8209f7dced79fa2ce55283fcf5ca236c8cf248b026ce8caa387",
    "shared.md|M26#0|CRUCIBLE": "5e0ced26203e23cc24a09a97afe0fced0e76f56d02e62d7ecd52201c7def7475",
    "shared.md|M27#0|CRUCIBLE": "65c6ce28aab10bf0670054bb5fa2605b3f8e6b80cf7464fa2fcdedc69b507396",
    "shared.md|M3#0|CRUCIBLE": "2fb7e421a36c8142f4dd3538146908d7e18b4771dff30687237209ab2b06568f",
    "shared.md|M4#0|CRUCIBLE": "fb06c8153dcd5c137c9daa2df08b3e74f91a85f6ca76c189102933a426684a0f",
    "shared.md|M5#0|CRUCIBLE": "fb06c8153dcd5c137c9daa2df08b3e74f91a85f6ca76c189102933a426684a0f",
    "shared.md|M6#0|CRUCIBLE": "fb06c8153dcd5c137c9daa2df08b3e74f91a85f6ca76c189102933a426684a0f",
    "shared.md|M7#0|CRUCIBLE": "9391b7a1ada1a73be23e2e601eb20e9079374de505aaf970f1350fdba90f1d61",
    "shared.md|M8#0|CRUCIBLE": "14757a4fbfff0252cbd85b93068c809084bf1f23941dc480c1af6c185b0ee70e",
    "shared.md|M9#0|CRUCIBLE": "82a27879c167c6c0eae8c59f14b5243653766692b2a6f0ec8f6412d006ce8fba",
    "shared.md|R6#0|CRUCIBLE": "f1d543db0ca0e7187d99297c69be8f4b5771f15ef5cdf58843d7d8414053c2af",
    "shared.md|W5#0|FORGE": "29a3aedf518b7fe8b719351508971a8cbfa91a933008b6fefc0eebabed0fa9ee",
    "shared.md|W6#0|FORGE": "bd06d2f040489360db3bc7c0457fc6f50f7218283852084b25ff22c8005e19ed",
    "shared.md|W7#0|README": "d2431847b3d264881a2e452cb1f956d17c173b8c892f5fd6a5fbe0367e2cc8f0",
    "shared.md|W7#1|CRUCIBLE": "bc298408d904d71112a2a1fad465ecd8fe41a2ae82a152df25002b8a8b431628",
    "shared.md|prose:230#0|CRUCIBLE": "a5eda02fe03ce7d85a5e083691d2f6436189f85159a30b433dfaf7f163459cdc"
  }
}
